
Microsoft Visual Studio Solution File, Format Version 12.00
# Visual Studio 15
VisualStudioVersion = 15.0.27130.2024
MinimumVisualStudioVersion = 10.0.40219.1
Project("{E24C65DC-7377-472B-9ABA-BC803B73C61A}") = "EmptyWebBootstrap", "EmptyWebBootstrap\", "{03E769B7-AD93-41E1-9653-67FAD709AB32}"
	ProjectSection(WebsiteProperties) = preProject
		TargetFrameworkMoniker = ".NETFramework,Version%3Dv4.6.1"
		Debug.AspNetCompiler.VirtualPath = "/localhost_50411"
		Debug.AspNetCompiler.PhysicalPath = "EmptyWebBootstrap\"
		Debug.AspNetCompiler.TargetPath = "PrecompiledWeb\localhost_50411\"
		Debug.AspNetCompiler.Updateable = "true"
		Debug.AspNetCompiler.ForceOverwrite = "true"
		Debug.AspNetCompiler.FixedNames = "false"
		Debug.AspNetCompiler.Debug = "True"
		Release.AspNetCompiler.VirtualPath = "/localhost_50411"
		Release.AspNetCompiler.PhysicalPath = "EmptyWebBootstrap\"
		Release.AspNetCompiler.TargetPath = "PrecompiledWeb\localhost_50411\"
		Release.AspNetCompiler.Updateable = "true"
		Release.AspNetCompiler.ForceOverwrite = "true"
		Release.AspNetCompiler.FixedNames = "false"
		Release.AspNetCompiler.Debug = "False"
		VWDPort = "50411"
		SlnRelativePath = "EmptyWebBootstrap\"
		DefaultWebSiteLanguage = "Visual Basic"
	EndProjectSection
EndProject
Global
	GlobalSection(SolutionConfigurationPlatforms) = preSolution
		Debug|Any CPU = Debug|Any CPU
	EndGlobalSection
	GlobalSection(ProjectConfigurationPlatforms) = postSolution
		{03E769B7-AD93-41E1-9653-67FAD709AB32}.Debug|Any CPU.ActiveCfg = Debug|Any CPU
		{03E769B7-AD93-41E1-9653-67FAD709AB32}.Debug|Any CPU.Build.0 = Debug|Any CPU
	EndGlobalSection
	GlobalSection(SolutionProperties) = preSolution
		HideSolutionNode = FALSE
	EndGlobalSection
	GlobalSection(ExtensibilityGlobals) = postSolution
		SolutionGuid = {907E980E-0469-476D-ACA4-F191C4177277}
	EndGlobalSection
EndGlobal
